
Microsoft Visual Studio Solution File, Format Version 12.00
# Visual Studio Version 17
VisualStudioVersion = 17.1.32414.318
MinimumVisualStudioVersion = 10.0.40219.1
Project("{9A19103F-16F7-4668-BE54-9A1E7A4F7556}") = "RestApiForTweets", "RestApiForTweets\RestApiForTweets.csproj", "{81C62FF7-49D5-4BE1-882A-FADAA277ED1A}"
EndProject
Project("{FAE04EC0-301F-11D3-BF4B-00C04F79EFBC}") = "RestApiForTweets.Tests", "RestApiForTweets.Tests\RestApiForTweets.Tests.csproj", "{34D9CEAA-3706-4CDF-BE7A-C35F048A5934}"
EndProject
Global
	GlobalSection(SolutionConfigurationPlatforms) = preSolution
		Debug|Any CPU = Debug|Any CPU
		Release|Any CPU = Release|Any CPU
	EndGlobalSection
	GlobalSection(ProjectConfigurationPlatforms) = postSolution
		{81C62FF7-49D5-4BE1-882A-FADAA277ED1A}.Debug|Any CPU.ActiveCfg = Debug|Any CPU
		{81C62FF7-49D5-4BE1-882A-FADAA277ED1A}.Debug|Any CPU.Build.0 = Debug|Any CPU
		{81C62FF7-49D5-4BE1-882A-FADAA277ED1A}.Release|Any CPU.ActiveCfg = Release|Any CPU
		{81C62FF7-49D5-4BE1-882A-FADAA277ED1A}.Release|Any CPU.Build.0 = Release|Any CPU
		{34D9CEAA-3706-4CDF-BE7A-C35F048A5934}.Debug|Any CPU.ActiveCfg = Debug|Any CPU
		{34D9CEAA-3706-4CDF-BE7A-C35F048A5934}.Debug|Any CPU.Build.0 = Debug|Any CPU
		{34D9CEAA-3706-4CDF-BE7A-C35F048A5934}.Release|Any CPU.ActiveCfg = Release|Any CPU
		{34D9CEAA-3706-4CDF-BE7A-C35F048A5934}.Release|Any CPU.Build.0 = Release|Any CPU
	EndGlobalSection
	GlobalSection(SolutionProperties) = preSolution
		HideSolutionNode = FALSE
	EndGlobalSection
	GlobalSection(ExtensibilityGlobals) = postSolution
		SolutionGuid = {16B179F2-B66F-4EBB-815C-EA1A1968223B}
	EndGlobalSection
EndGlobal
